
Microsoft Visual Studio Solution File, Format Version 12.00
# Visual Studio Version 16
VisualStudioVersion = 16.0.810.23
MinimumVisualStudioVersion = 10.0.40219.1
Project("{FAE04EC0-301F-11D3-BF4B-00C04F79EFBC}") = "DotnetWeek2HwTest", "DotnetWeek2HwTest\DotnetWeek2HwTest.csproj", "{647BC940-DD32-4105-A687-0C5982EEB4B2}"
EndProject
Global
	GlobalSection(SolutionConfigurationPlatforms) = preSolution
		Debug|Any CPU = Debug|Any CPU
		Release|Any CPU = Release|Any CPU
	EndGlobalSection
	GlobalSection(ProjectConfigurationPlatforms) = postSolution
		{647BC940-DD32-4105-A687-0C5982EEB4B2}.Debug|Any CPU.ActiveCfg = Debug|Any CPU
		{647BC940-DD32-4105-A687-0C5982EEB4B2}.Debug|Any CPU.Build.0 = Debug|Any CPU
		{647BC940-DD32-4105-A687-0C5982EEB4B2}.Release|Any CPU.ActiveCfg = Release|Any CPU
		{647BC940-DD32-4105-A687-0C5982EEB4B2}.Release|Any CPU.Build.0 = Release|Any CPU
	EndGlobalSection
	GlobalSection(SolutionProperties) = preSolution
		HideSolutionNode = FALSE
	EndGlobalSection
	GlobalSection(ExtensibilityGlobals) = postSolution
		SolutionGuid = {10578B1E-5CA3-4CB2-B10F-79559AB5861A}
	EndGlobalSection
EndGlobal
