
Microsoft Visual Studio Solution File, Format Version 12.00
# Visual Studio Version 16
VisualStudioVersion = 25.0.1700.0
MinimumVisualStudioVersion = 10.0.40219.1
Project("{FAE04EC0-301F-11D3-BF4B-00C04F79EFBC}") = "JupiterTimeTest", "JupiterTimeTest\JupiterTimeTest.csproj", "{9231D6B1-B5FB-4348-9F14-685EEA7B196A}"
EndProject
Global
	GlobalSection(SolutionConfigurationPlatforms) = preSolution
		Debug|Any CPU = Debug|Any CPU
		Release|Any CPU = Release|Any CPU
	EndGlobalSection
	GlobalSection(ProjectConfigurationPlatforms) = postSolution
		{9231D6B1-B5FB-4348-9F14-685EEA7B196A}.Debug|Any CPU.ActiveCfg = Debug|Any CPU
		{9231D6B1-B5FB-4348-9F14-685EEA7B196A}.Debug|Any CPU.Build.0 = Debug|Any CPU
		{9231D6B1-B5FB-4348-9F14-685EEA7B196A}.Release|Any CPU.ActiveCfg = Release|Any CPU
		{9231D6B1-B5FB-4348-9F14-685EEA7B196A}.Release|Any CPU.Build.0 = Release|Any CPU
	EndGlobalSection
	GlobalSection(SolutionProperties) = preSolution
		HideSolutionNode = FALSE
	EndGlobalSection
	GlobalSection(ExtensibilityGlobals) = postSolution
		SolutionGuid = {E16417A0-4121-4755-AF53-52E72A8ABD40}
	EndGlobalSection
EndGlobal
