
Microsoft Visual Studio Solution File, Format Version 12.00
# Visual Studio Version 16
VisualStudioVersion = 25.0.1700.0
MinimumVisualStudioVersion = 10.0.40219.1
Project("{FAE04EC0-301F-11D3-BF4B-00C04F79EFBC}") = "Week1Hw", "Week1Hw\Week1Hw.csproj", "{EE1C3EE1-4499-45A6-A492-84BA78522F7D}"
EndProject
Global
	GlobalSection(SolutionConfigurationPlatforms) = preSolution
		Debug|Any CPU = Debug|Any CPU
		Release|Any CPU = Release|Any CPU
	EndGlobalSection
	GlobalSection(ProjectConfigurationPlatforms) = postSolution
		{EE1C3EE1-4499-45A6-A492-84BA78522F7D}.Debug|Any CPU.ActiveCfg = Debug|Any CPU
		{EE1C3EE1-4499-45A6-A492-84BA78522F7D}.Debug|Any CPU.Build.0 = Debug|Any CPU
		{EE1C3EE1-4499-45A6-A492-84BA78522F7D}.Release|Any CPU.ActiveCfg = Release|Any CPU
		{EE1C3EE1-4499-45A6-A492-84BA78522F7D}.Release|Any CPU.Build.0 = Release|Any CPU
	EndGlobalSection
	GlobalSection(SolutionProperties) = preSolution
		HideSolutionNode = FALSE
	EndGlobalSection
	GlobalSection(ExtensibilityGlobals) = postSolution
		SolutionGuid = {327E04CF-842F-47D2-8F88-73EC0A7840AD}
	EndGlobalSection
EndGlobal
